
Microsoft Visual Studio Solution File, Format Version 12.00
# Visual Studio Version 17
VisualStudioVersion = 17.13.35931.197
MinimumVisualStudioVersion = 10.0.40219.1
Project("{2150E333-8FDC-42A3-9474-1A3956D46DE8}") = "src", "src", "{02EA681E-C7D8-13C7-8484-4AC65E1B71E8}"
EndProject
Project("{2150E333-8FDC-42A3-9474-1A3956D46DE8}") = "docs", "docs", "{E278B766-80B6-4078-8572-3A2B231D27F3}"
	ProjectSection(SolutionItems) = preProject
		docs\architecture.md = docs\architecture.md
		erd.md = erd.md
	EndProjectSection
EndProject
Project("{FAE04EC0-301F-11D3-BF4B-00C04F79EFBC}") = "UniversitySystem.API", "src\UniversitySystem.API\UniversitySystem.API.csproj", "{3D3F9110-0E18-A633-FCB8-66730A3337F0}"
EndProject
Project("{FAE04EC0-301F-11D3-BF4B-00C04F79EFBC}") = "UniversitySystem.Application", "src\UniversitySystem.Application\UniversitySystem.Application.csproj", "{9439B9A6-A847-450B-AED7-8F67A8894973}"
EndProject
Project("{FAE04EC0-301F-11D3-BF4B-00C04F79EFBC}") = "UniversitySystem.Domain", "src\UniversitySystem.Domain\UniversitySystem.Domain.csproj", "{B1CDB849-280D-44A1-A8CA-1A15A580D9BD}"
EndProject
Project("{FAE04EC0-301F-11D3-BF4B-00C04F79EFBC}") = "UniversitySystem.Infrastructure", "src\UniversitySystem.Infrastructure\UniversitySystem.Infrastructure.csproj", "{E06F5B05-0EC0-4518-9C9D-C161ADE0BC36}"
EndProject
Project("{FAE04EC0-301F-11D3-BF4B-00C04F79EFBC}") = "UniversitySystem.Persistence", "src\UniversitySystem.Persistence\UniversitySystem.Persistence.csproj", "{3D10655A-487A-48E1-A5A4-0D4FAD5A6B4B}"
EndProject
Project("{2150E333-8FDC-42A3-9474-1A3956D46DE8}") = "Solution Items", "Solution Items", "{8EC462FD-D22E-90A8-E5CE-7E832BA40C5D}"
	ProjectSection(SolutionItems) = preProject
		CODE_OF_CONDUCT.md = CODE_OF_CONDUCT.md
		CONTRIBUTING.md = CONTRIBUTING.md
		LICENSE.txt = LICENSE.txt
		README.md = README.md
		SECURITY.md = SECURITY.md
	EndProjectSection
EndProject
Project("{2150E333-8FDC-42A3-9474-1A3956D46DE8}") = "tests", "tests", "{36E9BFE2-3032-4C7D-A3F4-F2818DF5C2A5}"
EndProject
Project("{FAE04EC0-301F-11D3-BF4B-00C04F79EFBC}") = "UniversitySystem.UnitTests", "tests\UniversitySystem.UnitTests\UniversitySystem.UnitTests.csproj", "{49EE7D0A-EE2A-4FCE-B245-416C944A9A4A}"
EndProject
Global
	GlobalSection(SolutionConfigurationPlatforms) = preSolution
		Debug|Any CPU = Debug|Any CPU
		Release|Any CPU = Release|Any CPU
	EndGlobalSection
	GlobalSection(ProjectConfigurationPlatforms) = postSolution
		{3D3F9110-0E18-A633-FCB8-66730A3337F0}.Debug|Any CPU.ActiveCfg = Debug|Any CPU
		{3D3F9110-0E18-A633-FCB8-66730A3337F0}.Debug|Any CPU.Build.0 = Debug|Any CPU
		{3D3F9110-0E18-A633-FCB8-66730A3337F0}.Release|Any CPU.ActiveCfg = Release|Any CPU
		{3D3F9110-0E18-A633-FCB8-66730A3337F0}.Release|Any CPU.Build.0 = Release|Any CPU
		{9439B9A6-A847-450B-AED7-8F67A8894973}.Debug|Any CPU.ActiveCfg = Debug|Any CPU
		{9439B9A6-A847-450B-AED7-8F67A8894973}.Debug|Any CPU.Build.0 = Debug|Any CPU
		{9439B9A6-A847-450B-AED7-8F67A8894973}.Release|Any CPU.ActiveCfg = Release|Any CPU
		{9439B9A6-A847-450B-AED7-8F67A8894973}.Release|Any CPU.Build.0 = Release|Any CPU
		{B1CDB849-280D-44A1-A8CA-1A15A580D9BD}.Debug|Any CPU.ActiveCfg = Debug|Any CPU
		{B1CDB849-280D-44A1-A8CA-1A15A580D9BD}.Debug|Any CPU.Build.0 = Debug|Any CPU
		{B1CDB849-280D-44A1-A8CA-1A15A580D9BD}.Release|Any CPU.ActiveCfg = Release|Any CPU
		{B1CDB849-280D-44A1-A8CA-1A15A580D9BD}.Release|Any CPU.Build.0 = Release|Any CPU
		{E06F5B05-0EC0-4518-9C9D-C161ADE0BC36}.Debug|Any CPU.ActiveCfg = Debug|Any CPU
		{E06F5B05-0EC0-4518-9C9D-C161ADE0BC36}.Debug|Any CPU.Build.0 = Debug|Any CPU
		{E06F5B05-0EC0-4518-9C9D-C161ADE0BC36}.Release|Any CPU.ActiveCfg = Release|Any CPU
		{E06F5B05-0EC0-4518-9C9D-C161ADE0BC36}.Release|Any CPU.Build.0 = Release|Any CPU
		{3D10655A-487A-48E1-A5A4-0D4FAD5A6B4B}.Debug|Any CPU.ActiveCfg = Debug|Any CPU
		{3D10655A-487A-48E1-A5A4-0D4FAD5A6B4B}.Debug|Any CPU.Build.0 = Debug|Any CPU
		{3D10655A-487A-48E1-A5A4-0D4FAD5A6B4B}.Release|Any CPU.ActiveCfg = Release|Any CPU
		{3D10655A-487A-48E1-A5A4-0D4FAD5A6B4B}.Release|Any CPU.Build.0 = Release|Any CPU
		{49EE7D0A-EE2A-4FCE-B245-416C944A9A4A}.Debug|Any CPU.ActiveCfg = Debug|Any CPU
		{49EE7D0A-EE2A-4FCE-B245-416C944A9A4A}.Debug|Any CPU.Build.0 = Debug|Any CPU
		{49EE7D0A-EE2A-4FCE-B245-416C944A9A4A}.Release|Any CPU.ActiveCfg = Release|Any CPU
		{49EE7D0A-EE2A-4FCE-B245-416C944A9A4A}.Release|Any CPU.Build.0 = Release|Any CPU
	EndGlobalSection
	GlobalSection(SolutionProperties) = preSolution
		HideSolutionNode = FALSE
	EndGlobalSection
	GlobalSection(NestedProjects) = preSolution
		{3D3F9110-0E18-A633-FCB8-66730A3337F0} = {02EA681E-C7D8-13C7-8484-4AC65E1B71E8}
		{9439B9A6-A847-450B-AED7-8F67A8894973} = {02EA681E-C7D8-13C7-8484-4AC65E1B71E8}
		{B1CDB849-280D-44A1-A8CA-1A15A580D9BD} = {02EA681E-C7D8-13C7-8484-4AC65E1B71E8}
		{E06F5B05-0EC0-4518-9C9D-C161ADE0BC36} = {02EA681E-C7D8-13C7-8484-4AC65E1B71E8}
		{3D10655A-487A-48E1-A5A4-0D4FAD5A6B4B} = {02EA681E-C7D8-13C7-8484-4AC65E1B71E8}
		{49EE7D0A-EE2A-4FCE-B245-416C944A9A4A} = {36E9BFE2-3032-4C7D-A3F4-F2818DF5C2A5}
	EndGlobalSection
	GlobalSection(ExtensibilityGlobals) = postSolution
		SolutionGuid = {994FB463-6BC1-4552-A60A-1CCF038C4FFE}
	EndGlobalSection
EndGlobal
